// !$*UTF8*$!
{
	archiveVersion = 1;
	classes = {
	};
	objectVersion = 50;
	objects = {

/* Begin PBXBuildFile section */
		D55E70D520DC7D6B0016815C /* AppDelegate.swift in Sources */ = {isa = PBXBuildFile; fileRef = D55E70D420DC7D6B0016815C /* AppDelegate.swift */; };
		D55E70D720DC7D6B0016815C /* art.scnassets in Resources */ = {isa = PBXBuildFile; fileRef = D55E70D620DC7D6B0016815C /* art.scnassets */; };
		D55E70D920DC7D6B0016815C /* ViewController.swift in Sources */ = {isa = PBXBuildFile; fileRef = D55E70D820DC7D6B0016815C /* ViewController.swift */; };
		D55E70DC20DC7D6B0016815C /* Main.storyboard in Resources */ = {isa = PBXBuildFile; fileRef = D55E70DA20DC7D6B0016815C /* Main.storyboard */; };
		D55E70DE20DC7D6B0016815C /* Assets.xcassets in Resources */ = {isa = PBXBuildFile; fileRef = D55E70DD20DC7D6B0016815C /* Assets.xcassets */; };
		D55E70E120DC7D6B0016815C /* LaunchScreen.storyboard in Resources */ = {isa = PBXBuildFile; fileRef = D55E70DF20DC7D6B0016815C /* LaunchScreen.storyboard */; };
/* End PBXBuildFile section */

/* Begin PBXFileReference section */
		D55E70D120DC7D6B0016815C /* AR-Dicee.app */ = {isa = PBXFileReference; explicitFileType = wrapper.application; includeInIndex = 0; path = "AR-Dicee.app"; sourceTree = BUILT_PRODUCTS_DIR; };
		D55E70D420DC7D6B0016815C /* AppDelegate.swift */ = {isa = PBXFileReference; lastKnownFileType = sourcecode.swift; path = AppDelegate.swift; sourceTree = "<group>"; };
		D55E70D620DC7D6B0016815C /* art.scnassets */ = {isa = PBXFileReference; lastKnownFileType = wrapper.scnassets; path = art.scnassets; sourceTree = "<group>"; };
		D55E70D820DC7D6B0016815C /* ViewController.swift */ = {isa = PBXFileReference; lastKnownFileType = sourcecode.swift; path = ViewController.swift; sourceTree = "<group>"; };
		D55E70DB20DC7D6B0016815C /* Base */ = {isa = PBXFileReference; lastKnownFileType = file.storyboard; name = Base; path = Base.lproj/Main.storyboard; sourceTree = "<group>"; };
		D55E70DD20DC7D6B0016815C /* Assets.xcassets */ = {isa = PBXFileReference; lastKnownFileType = folder.assetcatalog; path = Assets.xcassets; sourceTree = "<group>"; };
		D55E70E020DC7D6B0016815C /* Base */ = {isa = PBXFileReference; lastKnownFileType = file.storyboard; name = Base; path = Base.lproj/LaunchScreen.storyboard; sourceTree = "<group>"; };
		D55E70E220DC7D6B0016815C /* Info.plist */ = {isa = PBXFileReference; lastKnownFileType = text.plist.xml; path = Info.plist; sourceTree = "<group>"; };
/* End PBXFileReference section */

/* Begin PBXFrameworksBuildPhase section */
		D55E70CE20DC7D6B0016815C /* Frameworks */ = {
			isa = PBXFrameworksBuildPhase;
			buildActionMask = 2147483647;
			files = (
			);
			runOnlyForDeploymentPostprocessing = 0;
		};
/* End PBXFrameworksBuildPhase section */

/* Begin PBXGroup section */
		D55E70C820DC7D6A0016815C = {
			isa = PBXGroup;
			children = (
				D55E70D320DC7D6B0016815C /* AR-Dicee */,
				D55E70D220DC7D6B0016815C /* Products */,
			);
			sourceTree = "<group>";
		};
		D55E70D220DC7D6B0016815C /* Products */ = {
			isa = PBXGroup;
			children = (
				D55E70D120DC7D6B0016815C /* AR-Dicee.app */,
			);
			name = Products;
			sourceTree = "<group>";
		};
		D55E70D320DC7D6B0016815C /* AR-Dicee */ = {
			isa = PBXGroup;
			children = (
				D55E70D420DC7D6B0016815C /* AppDelegate.swift */,
				D55E70D820DC7D6B0016815C /* ViewController.swift */,
				D55E70DA20DC7D6B0016815C /* Main.storyboard */,
				D55E70DD20DC7D6B0016815C /* Assets.xcassets */,
				D55E70D620DC7D6B0016815C /* art.scnassets */,
				D55E70DF20DC7D6B0016815C /* LaunchScreen.storyboard */,
				D55E70E220DC7D6B0016815C /* Info.plist */,
			);
			path = "AR-Dicee";
			sourceTree = "<group>";
		};
/* End PBXGroup section */

/* Begin PBXNativeTarget section */
		D55E70D020DC7D6B0016815C /* AR-Dicee */ = {
			isa = PBXNativeTarget;
			buildConfigurationList = D55E70E520DC7D6B0016815C /* Build configuration list for PBXNativeTarget "AR-Dicee" */;
			buildPhases = (
				D55E70CD20DC7D6B0016815C /* Sources */,
				D55E70CE20DC7D6B0016815C /* Frameworks */,
				D55E70CF20DC7D6B0016815C /* Resources */,
			);
			buildRules = (
			);
			dependencies = (
			);
			name = "AR-Dicee";
			productName = "AR-Dicee";
			productReference = D55E70D120DC7D6B0016815C /* AR-Dicee.app */;
			productType = "com.apple.product-type.application";
		};
/* End PBXNativeTarget section */

/* Begin PBXProject section */
		D55E70C920DC7D6A0016815C /* Project object */ = {
			isa = PBXProject;
			attributes = {
				LastSwiftUpdateCheck = 0940;
				LastUpgradeCheck = 0940;
				ORGANIZATIONNAME = "Robby Ackerley";
				TargetAttributes = {
					D55E70D020DC7D6B0016815C = {
						CreatedOnToolsVersion = 9.4.1;
					};
				};
			};
			buildConfigurationList = D55E70CC20DC7D6A0016815C /* Build configuration list for PBXProject "AR-Dicee" */;
			compatibilityVersion = "Xcode 9.3";
			developmentRegion = en;
			hasScannedForEncodings = 0;
			knownRegions = (
				en,
				Base,
			);
			mainGroup = D55E70C820DC7D6A0016815C;
			productRefGroup = D55E70D220DC7D6B0016815C /* Products */;
			projectDirPath = "";
			projectRoot = "";
			targets = (
				D55E70D020DC7D6B0016815C /* AR-Dicee */,
			);
		};
/* End PBXProject section */

/* Begin PBXResourcesBuildPhase section */
		D55E70CF20DC7D6B0016815C /* Resources */ = {
			isa = PBXResourcesBuildPhase;
			buildActionMask = 2147483647;
			files = (
				D55E70D720DC7D6B0016815C /* art.scnassets in Resources */,
				D55E70E120DC7D6B0016815C /* LaunchScreen.storyboard in Resources */,
				D55E70DE20DC7D6B0016815C /* Assets.xcassets in Resources */,
				D55E70DC20DC7D6B0016815C /* Main.storyboard in Resources */,
			);
			runOnlyForDeploymentPostprocessing = 0;
		};
/* End PBXResourcesBuildPhase section */

/* Begin PBXSourcesBuildPhase section */
		D55E70CD20DC7D6B0016815C /* Sources */ = {
			isa = PBXSourcesBuildPhase;
			buildActionMask = 2147483647;
			files = (
				D55E70D920DC7D6B0016815C /* ViewController.swift in Sources */,
				D55E70D520DC7D6B0016815C /* AppDelegate.swift in Sources */,
			);
			runOnlyForDeploymentPostprocessing = 0;
		};
/* End PBXSourcesBuildPhase section */

/* Begin PBXVariantGroup section */
		D55E70DA20DC7D6B0016815C /* Main.storyboard */ = {
			isa = PBXVariantGroup;
			children = (
				D55E70DB20DC7D6B0016815C /* Base */,
			);
			name = Main.storyboard;
			sourceTree = "<group>";
		};
		D55E70DF20DC7D6B0016815C /* LaunchScreen.storyboard */ = {
			isa = PBXVariantGroup;
			children = (
				D55E70E020DC7D6B0016815C /* Base */,
			);
			name = LaunchScreen.storyboard;
			sourceTree = "<group>";
		};
/* End PBXVariantGroup section */

/* Begin XCBuildConfiguration section */
		D55E70E320DC7D6B0016815C /* Debug */ = {
			isa = XCBuildConfiguration;
			buildSettings = {
				ALWAYS_SEARCH_USER_PATHS = NO;
				CLANG_ANALYZER_NONNULL = YES;
				CLANG_ANALYZER_NUMBER_OBJECT_CONVERSION = YES_AGGRESSIVE;
				CLANG_CXX_LANGUAGE_STANDARD = "gnu++14";
				CLANG_CXX_LIBRARY = "libc++";
				CLANG_ENABLE_MODULES = YES;
				CLANG_ENABLE_OBJC_ARC = YES;
				CLANG_ENABLE_OBJC_WEAK = YES;
				CLANG_WARN_BLOCK_CAPTURE_AUTORELEASING = YES;
				CLANG_WARN_BOOL_CONVERSION = YES;
				CLANG_WARN_COMMA = YES;
				CLANG_WARN_CONSTANT_CONVERSION = YES;
				CLANG_WARN_DEPRECATED_OBJC_IMPLEMENTATIONS = YES;
				CLANG_WARN_DIRECT_OBJC_ISA_USAGE = YES_ERROR;
				CLANG_WARN_DOCUMENTATION_COMMENTS = YES;
				CLANG_WARN_EMPTY_BODY = YES;
				CLANG_WARN_ENUM_CONVERSION = YES;
				CLANG_WARN_INFINITE_RECURSION = YES;
				CLANG_WARN_INT_CONVERSION = YES;
				CLANG_WARN_NON_LITERAL_NULL_CONVERSION = YES;
				CLANG_WARN_OBJC_IMPLICIT_RETAIN_SELF = YES;
				CLANG_WARN_OBJC_LITERAL_CONVERSION = YES;
				CLANG_WARN_OBJC_ROOT_CLASS = YES_ERROR;
				CLANG_WARN_RANGE_LOOP_ANALYSIS = YES;
				CLANG_WARN_STRICT_PROTOTYPES = YES;
				CLANG_WARN_SUSPICIOUS_MOVE = YES;
				CLANG_WARN_UNGUARDED_AVAILABILITY = YES_AGGRESSIVE;
				CLANG_WARN_UNREACHABLE_CODE = YES;
				CLANG_WARN__DUPLICATE_METHOD_MATCH = YES;
				CODE_SIGN_IDENTITY = "iPhone Developer";
				COPY_PHASE_STRIP = NO;
				DEBUG_INFORMATION_FORMAT = dwarf;
				ENABLE_STRICT_OBJC_MSGSEND = YES;
				ENABLE_TESTABILITY = YES;
				GCC_C_LANGUAGE_STANDARD = gnu11;
				GCC_DYNAMIC_NO_PIC = NO;
				GCC_NO_COMMON_BLOCKS = YES;
				GCC_OPTIMIZATION_LEVEL = 0;
				GCC_PREPROCESSOR_DEFINITIONS = (
					"DEBUG=1",
					"$(inherited)",
				);
				GCC_WARN_64_TO_32_BIT_CONVERSION = YES;
				GCC_WARN_ABOUT_RETURN_TYPE = YES_ERROR;
				GCC_WARN_UNDECLARED_SELECTOR = YES;
				GCC_WARN_UNINITIALIZED_AUTOS = YES_AGGRESSIVE;
				GCC_WARN_UNUSED_FUNCTION = YES;
				GCC_WARN_UNUSED_VARIABLE = YES;
				IPHONEOS_DEPLOYMENT_TARGET = 11.4;
				MTL_ENABLE_DEBUG_INFO = YES;
				ONLY_ACTIVE_ARCH = YES;
				SDKROOT = iphoneos;
				SWIFT_ACTIVE_COMPILATION_CONDITIONS = DEBUG;
				SWIFT_OPTIMIZATION_LEVEL = "-Onone";
			};
			name = Debug;
		};
		D55E70E420DC7D6B0016815C /* Release */ = {
			isa = XCBuildConfiguration;
			buildSettings = {
				ALWAYS_SEARCH_USER_PATHS = NO;
				CLANG_ANALYZER_NONNULL = YES;
				CLANG_ANALYZER_NUMBER_OBJECT_CONVERSION = YES_AGGRESSIVE;
				CLANG_CXX_LANGUAGE_STANDARD = "gnu++14";
				CLANG_CXX_LIBRARY = "libc++";
				CLANG_ENABLE_MODULES = YES;
				CLANG_ENABLE_OBJC_ARC = YES;
				CLANG_ENABLE_OBJC_WEAK = YES;
				CLANG_WARN_BLOCK_CAPTURE_AUTORELEASING = YES;
				CLANG_WARN_BOOL_CONVERSION = YES;
				CLANG_WARN_COMMA = YES;
				CLANG_WARN_CONSTANT_CONVERSION = YES;
				CLANG_WARN_DEPRECATED_OBJC_IMPLEMENTATIONS = YES;
				CLANG_WARN_DIRECT_OBJC_ISA_USAGE = YES_ERROR;
				CLANG_WARN_DOCUMENTATION_COMMENTS = YES;
				CLANG_WARN_EMPTY_BODY = YES;
				CLANG_WARN_ENUM_CONVERSION = YES;
				CLANG_WARN_INFINITE_RECURSION = YES;
				CLANG_WARN_INT_CONVERSION = YES;
				CLANG_WARN_NON_LITERAL_NULL_CONVERSION = YES;
				CLANG_WARN_OBJC_IMPLICIT_RETAIN_SELF = YES;
				CLANG_WARN_OBJC_LITERAL_CONVERSION = YES;
				CLANG_WARN_OBJC_ROOT_CLASS = YES_ERROR;
				CLANG_WARN_RANGE_LOOP_ANALYSIS = YES;
				CLANG_WARN_STRICT_PROTOTYPES = YES;
				CLANG_WARN_SUSPICIOUS_MOVE = YES;
				CLANG_WARN_UNGUARDED_AVAILABILITY = YES_AGGRESSIVE;
				CLANG_WARN_UNREACHABLE_CODE = YES;
				CLANG_WARN__DUPLICATE_METHOD_MATCH = YES;
				CODE_SIGN_IDENTITY = "iPhone Developer";
				COPY_PHASE_STRIP = NO;
				DEBUG_INFORMATION_FORMAT = "dwarf-with-dsym";
				ENABLE_NS_ASSERTIONS = NO;
				ENABLE_STRICT_OBJC_MSGSEND = YES;
				GCC_C_LANGUAGE_STANDARD = gnu11;
				GCC_NO_COMMON_BLOCKS = YES;
				GCC_WARN_64_TO_32_BIT_CONVERSION = YES;
				GCC_WARN_ABOUT_RETURN_TYPE = YES_ERROR;
				GCC_WARN_UNDECLARED_SELECTOR = YES;
				GCC_WARN_UNINITIALIZED_AUTOS = YES_AGGRESSIVE;
				GCC_WARN_UNUSED_FUNCTION = YES;
				GCC_WARN_UNUSED_VARIABLE = YES;
				IPHONEOS_DEPLOYMENT_TARGET = 11.4;
				MTL_ENABLE_DEBUG_INFO = NO;
				SDKROOT = iphoneos;
				SWIFT_COMPILATION_MODE = wholemodule;
				SWIFT_OPTIMIZATION_LEVEL = "-O";
				VALIDATE_PRODUCT = YES;
			};
			name = Release;
		};
		D55E70E620DC7D6B0016815C /* Debug */ = {
			isa = XCBuildConfiguration;
			buildSettings = {
				ASSETCATALOG_COMPILER_APPICON_NAME = AppIcon;
				CODE_SIGN_STYLE = Automatic;
				DEVELOPMENT_TEAM = Z5F842Y6TX;
				INFOPLIST_FILE = "AR-Dicee/Info.plist";
				LD_RUNPATH_SEARCH_PATHS = (
					"$(inherited)",
					"@executable_path/Frameworks",
				);
				PRODUCT_BUNDLE_IDENTIFIER = "io.ackerley.AR-Dicee";
				PRODUCT_NAME = "$(TARGET_NAME)";
				SWIFT_VERSION = 4.0;
				TARGETED_DEVICE_FAMILY = "1,2";
			};
			name = Debug;
		};
		D55E70E720DC7D6B0016815C /* Release */ = {
			isa = XCBuildConfiguration;
			buildSettings = {
				ASSETCATALOG_COMPILER_APPICON_NAME = AppIcon;
				CODE_SIGN_STYLE = Automatic;
				DEVELOPMENT_TEAM = Z5F842Y6TX;
				INFOPLIST_FILE = "AR-Dicee/Info.plist";
				LD_RUNPATH_SEARCH_PATHS = (
					"$(inherited)",
					"@executable_path/Frameworks",
				);
				PRODUCT_BUNDLE_IDENTIFIER = "io.ackerley.AR-Dicee";
				PRODUCT_NAME = "$(TARGET_NAME)";
				SWIFT_VERSION = 4.0;
				TARGETED_DEVICE_FAMILY = "1,2";
			};
			name = Release;
		};
/* End XCBuildConfiguration section */

/* Begin XCConfigurationList section */
		D55E70CC20DC7D6A0016815C /* Build configuration list for PBXProject "AR-Dicee" */ = {
			isa = XCConfigurationList;
			buildConfigurations = (
				D55E70E320DC7D6B0016815C /* Debug */,
				D55E70E420DC7D6B0016815C /* Release */,
			);
			defaultConfigurationIsVisible = 0;
			defaultConfigurationName = Release;
		};
		D55E70E520DC7D6B0016815C /* Build configuration list for PBXNativeTarget "AR-Dicee" */ = {
			isa = XCConfigurationList;
			buildConfigurations = (
				D55E70E620DC7D6B0016815C /* Debug */,
				D55E70E720DC7D6B0016815C /* Release */,
			);
			defaultConfigurationIsVisible = 0;
			defaultConfigurationName = Release;
		};
/* End XCConfigurationList section */
	};
	rootObject = D55E70C920DC7D6A0016815C /* Project object */;
}
